
Microsoft Visual Studio Solution File, Format Version 12.00
# Visual Studio 14
VisualStudioVersion = 14.0.25420.1
MinimumVisualStudioVersion = 10.0.40219.1
Project("{FAE04EC0-301F-11D3-BF4B-00C04F79EFBC}") = "DI", "DI\DI.csproj", "{91F0CB3F-4A7F-4916-9DAB-B39CD36DFC90}"
EndProject
Project("{FAE04EC0-301F-11D3-BF4B-00C04F79EFBC}") = "DAL", "DAL\DAL.csproj", "{1DAC105A-E640-4DDE-8E06-E5CAA91BD461}"
EndProject
Project("{FAE04EC0-301F-11D3-BF4B-00C04F79EFBC}") = "Services", "Services\Services.csproj", "{7C6F1AA2-64C9-431D-BC69-069D4ECC4076}"
EndProject
Global
	GlobalSection(SolutionConfigurationPlatforms) = preSolution
		Debug|Any CPU = Debug|Any CPU
		Release|Any CPU = Release|Any CPU
	EndGlobalSection
	GlobalSection(ProjectConfigurationPlatforms) = postSolution
		{91F0CB3F-4A7F-4916-9DAB-B39CD36DFC90}.Debug|Any CPU.ActiveCfg = Debug|Any CPU
		{91F0CB3F-4A7F-4916-9DAB-B39CD36DFC90}.Debug|Any CPU.Build.0 = Debug|Any CPU
		{91F0CB3F-4A7F-4916-9DAB-B39CD36DFC90}.Release|Any CPU.ActiveCfg = Release|Any CPU
		{91F0CB3F-4A7F-4916-9DAB-B39CD36DFC90}.Release|Any CPU.Build.0 = Release|Any CPU
		{1DAC105A-E640-4DDE-8E06-E5CAA91BD461}.Debug|Any CPU.ActiveCfg = Debug|Any CPU
		{1DAC105A-E640-4DDE-8E06-E5CAA91BD461}.Debug|Any CPU.Build.0 = Debug|Any CPU
		{1DAC105A-E640-4DDE-8E06-E5CAA91BD461}.Release|Any CPU.ActiveCfg = Release|Any CPU
		{1DAC105A-E640-4DDE-8E06-E5CAA91BD461}.Release|Any CPU.Build.0 = Release|Any CPU
		{7C6F1AA2-64C9-431D-BC69-069D4ECC4076}.Debug|Any CPU.ActiveCfg = Debug|Any CPU
		{7C6F1AA2-64C9-431D-BC69-069D4ECC4076}.Debug|Any CPU.Build.0 = Debug|Any CPU
		{7C6F1AA2-64C9-431D-BC69-069D4ECC4076}.Release|Any CPU.ActiveCfg = Release|Any CPU
		{7C6F1AA2-64C9-431D-BC69-069D4ECC4076}.Release|Any CPU.Build.0 = Release|Any CPU
	EndGlobalSection
	GlobalSection(SolutionProperties) = preSolution
		HideSolutionNode = FALSE
	EndGlobalSection
EndGlobal
